
Microsoft Visual Studio Solution File, Format Version 12.00
# Visual Studio Version 17
VisualStudioVersion = 17.8.34309.116
MinimumVisualStudioVersion = 10.0.40219.1
Project("{2150E333-8FDC-42A3-9474-1A3956D46DE8}") = "0.SolutionItems", "0.SolutionItems", "{0C01F78A-0853-4C2F-816F-23E1CF25A9AB}"
	ProjectSection(SolutionItems) = preProject
		.editorconfig = .editorconfig
		Directory.Build.props = Directory.Build.props
		Directory.Packages.props = Directory.Packages.props
	EndProjectSection
EndProject
Project("{E53339B2-1760-4266-BCC7-CA923CBCF16C}") = "3.DockerCompose", "3.DockerCompose.dcproj", "{CBE5DD95-514E-42AB-A181-B12A92C871C5}"
EndProject
Project("{2150E333-8FDC-42A3-9474-1A3956D46DE8}") = "1.Utilities", "1.Utilities", "{6A2EF3E3-D980-45F3-9372-E14E3F7DF149}"
EndProject
Project("{9A19103F-16F7-4668-BE54-9A1E7A4F7556}") = "Tools", "src\Tools\Tools.csproj", "{A232BF24-7162-4847-9ABE-49DBF16FC497}"
EndProject
Project("{9A19103F-16F7-4668-BE54-9A1E7A4F7556}") = "WebHost", "src\WebHost\WebHost.csproj", "{73B3BB41-E612-4FE1-AFAF-5362E8E9DED7}"
EndProject
Project("{2150E333-8FDC-42A3-9474-1A3956D46DE8}") = "2.Modules", "2.Modules", "{B4EE123E-9F96-479D-8881-68D28511D8E3}"
EndProject
Project("{FAE04EC0-301F-11D3-BF4B-00C04F79EFBC}") = "Modules.Blog", "src\Modules.Blog\Modules.Blog\Modules.Blog.csproj", "{7EDE08E1-3F96-46BB-B1F2-0BA1A9350B92}"
EndProject
Project("{FAE04EC0-301F-11D3-BF4B-00C04F79EFBC}") = "Modules.Blog.Client", "src\Modules.Blog\Modules.Blog.Client\Modules.Blog.Client.csproj", "{8C73E007-1D0E-4240-9C29-3E3512086E80}"
EndProject
Global
	GlobalSection(SolutionConfigurationPlatforms) = preSolution
		Debug|Any CPU = Debug|Any CPU
		Release|Any CPU = Release|Any CPU
	EndGlobalSection
	GlobalSection(ProjectConfigurationPlatforms) = postSolution
		{CBE5DD95-514E-42AB-A181-B12A92C871C5}.Debug|Any CPU.ActiveCfg = Debug|Any CPU
		{CBE5DD95-514E-42AB-A181-B12A92C871C5}.Debug|Any CPU.Build.0 = Debug|Any CPU
		{CBE5DD95-514E-42AB-A181-B12A92C871C5}.Release|Any CPU.ActiveCfg = Release|Any CPU
		{CBE5DD95-514E-42AB-A181-B12A92C871C5}.Release|Any CPU.Build.0 = Release|Any CPU
		{A232BF24-7162-4847-9ABE-49DBF16FC497}.Debug|Any CPU.ActiveCfg = Debug|Any CPU
		{A232BF24-7162-4847-9ABE-49DBF16FC497}.Debug|Any CPU.Build.0 = Debug|Any CPU
		{A232BF24-7162-4847-9ABE-49DBF16FC497}.Release|Any CPU.ActiveCfg = Release|Any CPU
		{A232BF24-7162-4847-9ABE-49DBF16FC497}.Release|Any CPU.Build.0 = Release|Any CPU
		{73B3BB41-E612-4FE1-AFAF-5362E8E9DED7}.Debug|Any CPU.ActiveCfg = Debug|Any CPU
		{73B3BB41-E612-4FE1-AFAF-5362E8E9DED7}.Debug|Any CPU.Build.0 = Debug|Any CPU
		{73B3BB41-E612-4FE1-AFAF-5362E8E9DED7}.Release|Any CPU.ActiveCfg = Release|Any CPU
		{73B3BB41-E612-4FE1-AFAF-5362E8E9DED7}.Release|Any CPU.Build.0 = Release|Any CPU
		{7EDE08E1-3F96-46BB-B1F2-0BA1A9350B92}.Debug|Any CPU.ActiveCfg = Debug|Any CPU
		{7EDE08E1-3F96-46BB-B1F2-0BA1A9350B92}.Debug|Any CPU.Build.0 = Debug|Any CPU
		{7EDE08E1-3F96-46BB-B1F2-0BA1A9350B92}.Release|Any CPU.ActiveCfg = Release|Any CPU
		{7EDE08E1-3F96-46BB-B1F2-0BA1A9350B92}.Release|Any CPU.Build.0 = Release|Any CPU
		{8C73E007-1D0E-4240-9C29-3E3512086E80}.Debug|Any CPU.ActiveCfg = Debug|Any CPU
		{8C73E007-1D0E-4240-9C29-3E3512086E80}.Debug|Any CPU.Build.0 = Debug|Any CPU
		{8C73E007-1D0E-4240-9C29-3E3512086E80}.Release|Any CPU.ActiveCfg = Release|Any CPU
		{8C73E007-1D0E-4240-9C29-3E3512086E80}.Release|Any CPU.Build.0 = Release|Any CPU
	EndGlobalSection
	GlobalSection(SolutionProperties) = preSolution
		HideSolutionNode = FALSE
	EndGlobalSection
	GlobalSection(NestedProjects) = preSolution
		{A232BF24-7162-4847-9ABE-49DBF16FC497} = {6A2EF3E3-D980-45F3-9372-E14E3F7DF149}
		{7EDE08E1-3F96-46BB-B1F2-0BA1A9350B92} = {B4EE123E-9F96-479D-8881-68D28511D8E3}
		{8C73E007-1D0E-4240-9C29-3E3512086E80} = {B4EE123E-9F96-479D-8881-68D28511D8E3}
	EndGlobalSection
	GlobalSection(ExtensibilityGlobals) = postSolution
		SolutionGuid = {46F68595-1350-4924-A453-FD3937FDD8F8}
	EndGlobalSection
EndGlobal
